
Microsoft Visual Studio Solution File, Format Version 12.00
# Visual Studio Version 17
VisualStudioVersion = 17.14.36616.10 d17.14
MinimumVisualStudioVersion = 10.0.40219.1
Project("{FAE04EC0-301F-11D3-BF4B-00C04F79EFBC}") = "Application", "Application\Application.csproj", "{3D89E340-CB48-47FC-96CC-51F193D50B89}"
EndProject
Global
	GlobalSection(SolutionConfigurationPlatforms) = preSolution
		Debug|Any CPU = Debug|Any CPU
		Release|Any CPU = Release|Any CPU
	EndGlobalSection
	GlobalSection(ProjectConfigurationPlatforms) = postSolution
		{3D89E340-CB48-47FC-96CC-51F193D50B89}.Debug|Any CPU.ActiveCfg = Debug|Any CPU
		{3D89E340-CB48-47FC-96CC-51F193D50B89}.Debug|Any CPU.Build.0 = Debug|Any CPU
		{3D89E340-CB48-47FC-96CC-51F193D50B89}.Release|Any CPU.ActiveCfg = Release|Any CPU
		{3D89E340-CB48-47FC-96CC-51F193D50B89}.Release|Any CPU.Build.0 = Release|Any CPU
	EndGlobalSection
	GlobalSection(SolutionProperties) = preSolution
		HideSolutionNode = FALSE
	EndGlobalSection
	GlobalSection(ExtensibilityGlobals) = postSolution
		SolutionGuid = {87225E4C-06F7-43F5-8F84-FC764B9CBF04}
	EndGlobalSection
EndGlobal
